
Microsoft Visual Studio Solution File, Format Version 12.00
# Visual Studio Version 17
VisualStudioVersion = 17.11.35327.3
MinimumVisualStudioVersion = 10.0.40219.1
Project("{9A19103F-16F7-4668-BE54-9A1E7A4F7556}") = "AzureShop.WebApi", "..\AzureShop\AzureShop.WebApi\AzureShop.WebApi.csproj", "{F45ACD84-F6E9-43D0-AB47-BD6E785F0F3C}"
EndProject
Project("{9A19103F-16F7-4668-BE54-9A1E7A4F7556}") = "AzureShop.UnitTest", "..\AzureShop\AzureShop.UnitTest\AzureShop.UnitTest.csproj", "{87E8760B-AC12-4BD7-868D-7E243A00D0D4}"
EndProject
Project("{9A19103F-16F7-4668-BE54-9A1E7A4F7556}") = "AzureShop.Cart.Function", "..\AzureShop.Cart.Function\AzureShop.Cart.Function\AzureShop.Cart.Function.csproj", "{D08A4437-2AEE-483B-9141-945450E7FEF7}"
EndProject
Project("{9A19103F-16F7-4668-BE54-9A1E7A4F7556}") = "AzureShop.Extensions.HealthCheck", "..\AzureShop.Extensions\AzureShop.Extensions.HealthCheck\AzureShop.Extensions.HealthCheck.csproj", "{65E08B7A-7C20-4153-B7D1-FBD39D7AC8D7}"
EndProject
Global
	GlobalSection(SolutionConfigurationPlatforms) = preSolution
		Debug|Any CPU = Debug|Any CPU
		Release|Any CPU = Release|Any CPU
	EndGlobalSection
	GlobalSection(ProjectConfigurationPlatforms) = postSolution
		{F45ACD84-F6E9-43D0-AB47-BD6E785F0F3C}.Debug|Any CPU.ActiveCfg = Debug|Any CPU
		{F45ACD84-F6E9-43D0-AB47-BD6E785F0F3C}.Debug|Any CPU.Build.0 = Debug|Any CPU
		{F45ACD84-F6E9-43D0-AB47-BD6E785F0F3C}.Release|Any CPU.ActiveCfg = Release|Any CPU
		{F45ACD84-F6E9-43D0-AB47-BD6E785F0F3C}.Release|Any CPU.Build.0 = Release|Any CPU
		{87E8760B-AC12-4BD7-868D-7E243A00D0D4}.Debug|Any CPU.ActiveCfg = Debug|Any CPU
		{87E8760B-AC12-4BD7-868D-7E243A00D0D4}.Debug|Any CPU.Build.0 = Debug|Any CPU
		{87E8760B-AC12-4BD7-868D-7E243A00D0D4}.Release|Any CPU.ActiveCfg = Release|Any CPU
		{87E8760B-AC12-4BD7-868D-7E243A00D0D4}.Release|Any CPU.Build.0 = Release|Any CPU
		{D08A4437-2AEE-483B-9141-945450E7FEF7}.Debug|Any CPU.ActiveCfg = Debug|Any CPU
		{D08A4437-2AEE-483B-9141-945450E7FEF7}.Debug|Any CPU.Build.0 = Debug|Any CPU
		{D08A4437-2AEE-483B-9141-945450E7FEF7}.Release|Any CPU.ActiveCfg = Release|Any CPU
		{D08A4437-2AEE-483B-9141-945450E7FEF7}.Release|Any CPU.Build.0 = Release|Any CPU
		{65E08B7A-7C20-4153-B7D1-FBD39D7AC8D7}.Debug|Any CPU.ActiveCfg = Debug|Any CPU
		{65E08B7A-7C20-4153-B7D1-FBD39D7AC8D7}.Debug|Any CPU.Build.0 = Debug|Any CPU
		{65E08B7A-7C20-4153-B7D1-FBD39D7AC8D7}.Release|Any CPU.ActiveCfg = Release|Any CPU
		{65E08B7A-7C20-4153-B7D1-FBD39D7AC8D7}.Release|Any CPU.Build.0 = Release|Any CPU
	EndGlobalSection
	GlobalSection(SolutionProperties) = preSolution
		HideSolutionNode = FALSE
	EndGlobalSection
	GlobalSection(ExtensibilityGlobals) = postSolution
		SolutionGuid = {D8667EBF-8069-4EB3-91A6-EB0F224FA68A}
	EndGlobalSection
EndGlobal
